
Microsoft Visual Studio Solution File, Format Version 12.00
# Visual Studio 2013
VisualStudioVersion = 12.0.31101.0
MinimumVisualStudioVersion = 10.0.40219.1
Project("{FAE04EC0-301F-11D3-BF4B-00C04F79EFBC}") = "TicketCSS", "TicketCSS\TicketCSS.csproj", "{D3772FF9-CA75-4199-99F1-E6CF815BF0D4}"
EndProject
Project("{FAE04EC0-301F-11D3-BF4B-00C04F79EFBC}") = "International Employees", "International Employees\International Employees.csproj", "{2F0DA64F-3FDE-412A-9E0A-579A0D32FB79}"
EndProject
Project("{FAE04EC0-301F-11D3-BF4B-00C04F79EFBC}") = "Forum Posts", "Forum Posts\Forum Posts.csproj", "{AD7747A9-56BD-49E3-A997-A86B469D2CA4}"
EndProject
Global
	GlobalSection(SolutionConfigurationPlatforms) = preSolution
		Debug|Any CPU = Debug|Any CPU
		Release|Any CPU = Release|Any CPU
	EndGlobalSection
	GlobalSection(ProjectConfigurationPlatforms) = postSolution
		{D3772FF9-CA75-4199-99F1-E6CF815BF0D4}.Debug|Any CPU.ActiveCfg = Debug|Any CPU
		{D3772FF9-CA75-4199-99F1-E6CF815BF0D4}.Debug|Any CPU.Build.0 = Debug|Any CPU
		{D3772FF9-CA75-4199-99F1-E6CF815BF0D4}.Release|Any CPU.ActiveCfg = Release|Any CPU
		{D3772FF9-CA75-4199-99F1-E6CF815BF0D4}.Release|Any CPU.Build.0 = Release|Any CPU
		{2F0DA64F-3FDE-412A-9E0A-579A0D32FB79}.Debug|Any CPU.ActiveCfg = Debug|Any CPU
		{2F0DA64F-3FDE-412A-9E0A-579A0D32FB79}.Debug|Any CPU.Build.0 = Debug|Any CPU
		{2F0DA64F-3FDE-412A-9E0A-579A0D32FB79}.Release|Any CPU.ActiveCfg = Release|Any CPU
		{2F0DA64F-3FDE-412A-9E0A-579A0D32FB79}.Release|Any CPU.Build.0 = Release|Any CPU
		{AD7747A9-56BD-49E3-A997-A86B469D2CA4}.Debug|Any CPU.ActiveCfg = Debug|Any CPU
		{AD7747A9-56BD-49E3-A997-A86B469D2CA4}.Debug|Any CPU.Build.0 = Debug|Any CPU
		{AD7747A9-56BD-49E3-A997-A86B469D2CA4}.Release|Any CPU.ActiveCfg = Release|Any CPU
		{AD7747A9-56BD-49E3-A997-A86B469D2CA4}.Release|Any CPU.Build.0 = Release|Any CPU
	EndGlobalSection
	GlobalSection(SolutionProperties) = preSolution
		HideSolutionNode = FALSE
	EndGlobalSection
EndGlobal
